
Microsoft Visual Studio Solution File, Format Version 12.00
# Visual Studio Version 16
VisualStudioVersion = 16.0.30611.23
MinimumVisualStudioVersion = 10.0.40219.1
Project("{FAE04EC0-301F-11D3-BF4B-00C04F79EFBC}") = "SharpClock", "SharpClock.csproj", "{7F6C5218-F2FD-47D6-8624-95558E5BE767}"
EndProject
Global
	GlobalSection(SolutionConfigurationPlatforms) = preSolution
		Debug|Any CPU = Debug|Any CPU
		Release|Any CPU = Release|Any CPU
	EndGlobalSection
	GlobalSection(ProjectConfigurationPlatforms) = postSolution
		{7F6C5218-F2FD-47D6-8624-95558E5BE767}.Debug|Any CPU.ActiveCfg = Debug|Any CPU
		{7F6C5218-F2FD-47D6-8624-95558E5BE767}.Debug|Any CPU.Build.0 = Debug|Any CPU
		{7F6C5218-F2FD-47D6-8624-95558E5BE767}.Release|Any CPU.ActiveCfg = Release|Any CPU
		{7F6C5218-F2FD-47D6-8624-95558E5BE767}.Release|Any CPU.Build.0 = Release|Any CPU
	EndGlobalSection
	GlobalSection(SolutionProperties) = preSolution
		HideSolutionNode = FALSE
	EndGlobalSection
	GlobalSection(ExtensibilityGlobals) = postSolution
		SolutionGuid = {F32419D0-6833-4F51-9C56-0264F60D2A01}
	EndGlobalSection
EndGlobal
